
Microsoft Visual Studio Solution File, Format Version 12.00
# Visual Studio Version 17
VisualStudioVersion = 17.11.35327.3
MinimumVisualStudioVersion = 10.0.40219.1
Project("{FAE04EC0-301F-11D3-BF4B-00C04F79EFBC}") = "TP-Tarjeta", "TP-Tarjeta.csproj", "{AC812D8A-4B7B-494A-BB0A-FCD4CAE3E8E8}"
EndProject
Project("{FAE04EC0-301F-11D3-BF4B-00C04F79EFBC}") = "TP-Tarjeta-tests", "..\TP-Tarjeta-tests\TP-Tarjeta-tests.csproj", "{AAE742A1-34C2-4265-9F6D-028514614B6E}"
EndProject
Global
	GlobalSection(SolutionConfigurationPlatforms) = preSolution
		Debug|Any CPU = Debug|Any CPU
		Release|Any CPU = Release|Any CPU
	EndGlobalSection
	GlobalSection(ProjectConfigurationPlatforms) = postSolution
		{AC812D8A-4B7B-494A-BB0A-FCD4CAE3E8E8}.Debug|Any CPU.ActiveCfg = Debug|Any CPU
		{AC812D8A-4B7B-494A-BB0A-FCD4CAE3E8E8}.Debug|Any CPU.Build.0 = Debug|Any CPU
		{AC812D8A-4B7B-494A-BB0A-FCD4CAE3E8E8}.Release|Any CPU.ActiveCfg = Release|Any CPU
		{AC812D8A-4B7B-494A-BB0A-FCD4CAE3E8E8}.Release|Any CPU.Build.0 = Release|Any CPU
		{AAE742A1-34C2-4265-9F6D-028514614B6E}.Debug|Any CPU.ActiveCfg = Debug|Any CPU
		{AAE742A1-34C2-4265-9F6D-028514614B6E}.Debug|Any CPU.Build.0 = Debug|Any CPU
		{AAE742A1-34C2-4265-9F6D-028514614B6E}.Release|Any CPU.ActiveCfg = Release|Any CPU
		{AAE742A1-34C2-4265-9F6D-028514614B6E}.Release|Any CPU.Build.0 = Release|Any CPU
	EndGlobalSection
	GlobalSection(SolutionProperties) = preSolution
		HideSolutionNode = FALSE
	EndGlobalSection
	GlobalSection(ExtensibilityGlobals) = postSolution
		SolutionGuid = {B9AA9465-C021-4FFA-8582-B36C4E90B789}
	EndGlobalSection
EndGlobal
